
Microsoft Visual Studio Solution File, Format Version 12.00
# Visual Studio Version 17
VisualStudioVersion = 17.9.34723.18
MinimumVisualStudioVersion = 10.0.40219.1
Project("{FAE04EC0-301F-11D3-BF4B-00C04F79EFBC}") = "DesignPattern", "DesignPattern\DesignPattern.csproj", "{975D8A3C-476E-41EB-8319-1398F9E4372A}"
EndProject
Global
	GlobalSection(SolutionConfigurationPlatforms) = preSolution
		Debug|Any CPU = Debug|Any CPU
		Release|Any CPU = Release|Any CPU
	EndGlobalSection
	GlobalSection(ProjectConfigurationPlatforms) = postSolution
		{975D8A3C-476E-41EB-8319-1398F9E4372A}.Debug|Any CPU.ActiveCfg = Debug|Any CPU
		{975D8A3C-476E-41EB-8319-1398F9E4372A}.Debug|Any CPU.Build.0 = Debug|Any CPU
		{975D8A3C-476E-41EB-8319-1398F9E4372A}.Release|Any CPU.ActiveCfg = Release|Any CPU
		{975D8A3C-476E-41EB-8319-1398F9E4372A}.Release|Any CPU.Build.0 = Release|Any CPU
	EndGlobalSection
	GlobalSection(SolutionProperties) = preSolution
		HideSolutionNode = FALSE
	EndGlobalSection
	GlobalSection(ExtensibilityGlobals) = postSolution
		SolutionGuid = {510D8929-C079-472D-9981-CFA0D5399132}
	EndGlobalSection
EndGlobal
